
Microsoft Visual Studio Solution File, Format Version 12.00
# Visual Studio Version 17
VisualStudioVersion = 17.0.31903.59
MinimumVisualStudioVersion = 10.0.40219.1
Project("{FAE04EC0-301F-11D3-BF4B-00C04F79EFBC}") = "E-Commerce", "E-Commerce\E-Commerce.csproj", "{B00D3CB9-13A5-4940-B233-334A429149E1}"
EndProject
Project("{FAE04EC0-301F-11D3-BF4B-00C04F79EFBC}") = "TestECommerce", "TestECommerce\TestECommerce.csproj", "{28A29088-0822-4869-9BF1-0D2A760E57B5}"
EndProject
Global
	GlobalSection(SolutionConfigurationPlatforms) = preSolution
		Debug|Any CPU = Debug|Any CPU
		Release|Any CPU = Release|Any CPU
	EndGlobalSection
	GlobalSection(SolutionProperties) = preSolution
		HideSolutionNode = FALSE
	EndGlobalSection
	GlobalSection(ProjectConfigurationPlatforms) = postSolution
		{B00D3CB9-13A5-4940-B233-334A429149E1}.Debug|Any CPU.ActiveCfg = Debug|Any CPU
		{B00D3CB9-13A5-4940-B233-334A429149E1}.Debug|Any CPU.Build.0 = Debug|Any CPU
		{B00D3CB9-13A5-4940-B233-334A429149E1}.Release|Any CPU.ActiveCfg = Release|Any CPU
		{B00D3CB9-13A5-4940-B233-334A429149E1}.Release|Any CPU.Build.0 = Release|Any CPU
		{28A29088-0822-4869-9BF1-0D2A760E57B5}.Debug|Any CPU.ActiveCfg = Debug|Any CPU
		{28A29088-0822-4869-9BF1-0D2A760E57B5}.Debug|Any CPU.Build.0 = Debug|Any CPU
		{28A29088-0822-4869-9BF1-0D2A760E57B5}.Release|Any CPU.ActiveCfg = Release|Any CPU
		{28A29088-0822-4869-9BF1-0D2A760E57B5}.Release|Any CPU.Build.0 = Release|Any CPU
	EndGlobalSection
EndGlobal
